version = 1
revision = 3
requires-python = "==3.12.*"

[[package]]
name = "deprecated"
version = "1.3.1"
source = { registry = "https://pypi.org/simple" }
dependencies = [
    { name = "wrapt" },
]
sdist = { url = "https://files.pythonhosted.org/packages/49/85/12f0a49a7c4ffb70572b6c2ef13c90c88fd190debda93b23f026b25f9634/deprecated-1.3.1.tar.gz", hash = "sha256:b1b50e0ff0c1fddaa5708a2c6b0a6588bb09b892825ab2b214ac9ea9d92a5223", size = 2932523, upload-time = "2025-10-30T08:19:02.757Z" }
wheels = [
    { url = "https://files.pythonhosted.org/packages/84/d0/205d54408c08b13550c733c4b85429e7ead111c7f0014309637425520a9a/deprecated-1.3.1-py2.py3-none-any.whl", hash = "sha256:597bfef186b6f60181535a29fbe44865ce137a5079f295b479886c82729d5f3f", size = 11298, upload-time = "2025-10-30T08:19:00.758Z" },
]

[[package]]
name = "importlib-metadata"
version = "6.11.0"
source = { registry = "https://pypi.org/simple" }
dependencies = [
    { name = "zipp" },
]
sdist = { url = "https://files.pythonhosted.org/packages/ee/eb/58c2ab27ee628ad801f56d4017fe62afab0293116f6d0b08f1d5bd46e06f/importlib_metadata-6.11.0.tar.gz", hash = "sha256:1231cf92d825c9e03cfc4da076a16de6422c863558229ea0b22b675657463443", size = 54593, upload-time = "2023-12-03T17:33:10.693Z" }
wheels = [
    { url = "https://files.pythonhosted.org/packages/59/9b/ecce94952ab5ea74c31dcf9ccf78ccd484eebebef06019bf8cb579ab4519/importlib_metadata-6.11.0-py3-none-any.whl", hash = "sha256:f0afba6205ad8f8947c7d338b5342d5db2afbfd82f9cbef7879a9539cc12eb9b", size = 23427, upload-time = "2023-12-03T17:33:08.965Z" },
]

[[package]]
name = "neutron-baremetal-switch-k8s"
version = "2025.1"
source = { virtual = "." }
dependencies = [
    { name = "opentelemetry-api" },
    { name = "ops" },
    { name = "tenacity" },
]

[package.metadata]
requires-dist = [
    { name = "opentelemetry-api", specifier = "~=1.21.0" },
    { name = "ops" },
    { name = "tenacity" },
]

[[package]]
name = "opentelemetry-api"
version = "1.21.0"
source = { registry = "https://pypi.org/simple" }
dependencies = [
    { name = "deprecated" },
    { name = "importlib-metadata" },
]
sdist = { url = "https://files.pythonhosted.org/packages/4d/aa/1a10f310275fdd05a1062d4a8a641a5f041db2377956a80ff3c4dc325a6c/opentelemetry_api-1.21.0.tar.gz", hash = "sha256:d6185fd5043e000075d921822fd2d26b953eba8ca21b1e2fa360dd46a7686316", size = 56674, upload-time = "2023-11-07T23:16:23.155Z" }
wheels = [
    { url = "https://files.pythonhosted.org/packages/51/3a/945e6c21f405ac4ea526f91ee09cc1568c04e0c95d3392903e6984c8f0e0/opentelemetry_api-1.21.0-py3-none-any.whl", hash = "sha256:4bb86b28627b7e41098f0e93280fe4892a1abed1b79a19aec6f928f39b17dffb", size = 57947, upload-time = "2023-11-07T23:15:46.656Z" },
]

[[package]]
name = "ops"
version = "3.5.2"
source = { registry = "https://pypi.org/simple" }
dependencies = [
    { name = "opentelemetry-api" },
    { name = "pyyaml" },
    { name = "websocket-client" },
]
sdist = { url = "https://files.pythonhosted.org/packages/05/72/50bdb29831b8ed92034e9657fec89301d8df3aa8da3da1d37ecbdf1baab6/ops-3.5.2.tar.gz", hash = "sha256:849c9ed85eadf265b8a927d5e857cd112221dd71b35e4b13329ccb938c3afd18", size = 578181, upload-time = "2026-02-11T01:49:48.345Z" }
wheels = [
    { url = "https://files.pythonhosted.org/packages/3e/5c/84b41a67c2dc904f92f424e981eb65641ce095936fb9e6d7b4a315072d1a/ops-3.5.2-py3-none-any.whl", hash = "sha256:c715128a51ddcdf0fff463428b0f56a93e5963187e599b66594b4fc74458781b", size = 211688, upload-time = "2026-02-11T01:49:43.935Z" },
]

[[package]]
name = "pyyaml"
version = "6.0.3"
source = { registry = "https://pypi.org/simple" }
sdist = { url = "https://files.pythonhosted.org/packages/05/8e/961c0007c59b8dd7729d542c61a4d537767a59645b82a0b521206e1e25c2/pyyaml-6.0.3.tar.gz", hash = "sha256:d76623373421df22fb4cf8817020cbb7ef15c725b9d5e45f17e189bfc384190f", size = 130960, upload-time = "2025-09-25T21:33:16.546Z" }
wheels = [
    { url = "https://files.pythonhosted.org/packages/d1/33/422b98d2195232ca1826284a76852ad5a86fe23e31b009c9886b2d0fb8b2/pyyaml-6.0.3-cp312-cp312-macosx_10_13_x86_64.whl", hash = "sha256:7f047e29dcae44602496db43be01ad42fc6f1cc0d8cd6c83d342306c32270196", size = 182063, upload-time = "2025-09-25T21:32:11.445Z" },
    { url = "https://files.pythonhosted.org/packages/89/a0/6cf41a19a1f2f3feab0e9c0b74134aa2ce6849093d5517a0c550fe37a648/pyyaml-6.0.3-cp312-cp312-macosx_11_0_arm64.whl", hash = "sha256:fc09d0aa354569bc501d4e787133afc08552722d3ab34836a80547331bb5d4a0", size = 173973, upload-time = "2025-09-25T21:32:12.492Z" },
    { url = "https://files.pythonhosted.org/packages/ed/23/7a778b6bd0b9a8039df8b1b1d80e2e2ad78aa04171592c8a5c43a56a6af4/pyyaml-6.0.3-cp312-cp312-manylinux2014_aarch64.manylinux_2_17_aarch64.manylinux_2_28_aarch64.whl", hash = "sha256:9149cad251584d5fb4981be1ecde53a1ca46c891a79788c0df828d2f166bda28", size = 775116, upload-time = "2025-09-25T21:32:13.652Z" },
    { url = "https://files.pythonhosted.org/packages/65/30/d7353c338e12baef4ecc1b09e877c1970bd3382789c159b4f89d6a70dc09/pyyaml-6.0.3-cp312-cp312-manylinux2014_s390x.manylinux_2_17_s390x.manylinux_2_28_s390x.whl", hash = "sha256:5fdec68f91a0c6739b380c83b951e2c72ac0197ace422360e6d5a959d8d97b2c", size = 844011, upload-time = "2025-09-25T21:32:15.21Z" },
    { url = "https://files.pythonhosted.org/packages/8b/9d/b3589d3877982d4f2329302ef98a8026e7f4443c765c46cfecc8858c6b4b/pyyaml-6.0.3-cp312-cp312-manylinux2014_x86_64.manylinux_2_17_x86_64.manylinux_2_28_x86_64.whl", hash = "sha256:ba1cc08a7ccde2d2ec775841541641e4548226580ab850948cbfda66a1befcdc", size = 807870, upload-time = "2025-09-25T21:32:16.431Z" },
    { url = "https://files.pythonhosted.org/packages/05/c0/b3be26a015601b822b97d9149ff8cb5ead58c66f981e04fedf4e762f4bd4/pyyaml-6.0.3-cp312-cp312-musllinux_1_2_aarch64.whl", hash = "sha256:8dc52c23056b9ddd46818a57b78404882310fb473d63f17b07d5c40421e47f8e", size = 761089, upload-time = "2025-09-25T21:32:17.56Z" },
    { url = "https://files.pythonhosted.org/packages/be/8e/98435a21d1d4b46590d5459a22d88128103f8da4c2d4cb8f14f2a96504e1/pyyaml-6.0.3-cp312-cp312-musllinux_1_2_x86_64.whl", hash = "sha256:41715c910c881bc081f1e8872880d3c650acf13dfa8214bad49ed4cede7c34ea", size = 790181, upload-time = "2025-09-25T21:32:18.834Z" },
    { url = "https://files.pythonhosted.org/packages/74/93/7baea19427dcfbe1e5a372d81473250b379f04b1bd3c4c5ff825e2327202/pyyaml-6.0.3-cp312-cp312-win32.whl", hash = "sha256:96b533f0e99f6579b3d4d4995707cf36df9100d67e0c8303a0c55b27b5f99bc5", size = 137658, upload-time = "2025-09-25T21:32:20.209Z" },
    { url = "https://files.pythonhosted.org/packages/86/bf/899e81e4cce32febab4fb42bb97dcdf66bc135272882d1987881a4b519e9/pyyaml-6.0.3-cp312-cp312-win_amd64.whl", hash = "sha256:5fcd34e47f6e0b794d17de1b4ff496c00986e1c83f7ab2fb8fcfe9616ff7477b", size = 154003, upload-time = "2025-09-25T21:32:21.167Z" },
    { url = "https://files.pythonhosted.org/packages/1a/08/67bd04656199bbb51dbed1439b7f27601dfb576fb864099c7ef0c3e55531/pyyaml-6.0.3-cp312-cp312-win_arm64.whl", hash = "sha256:64386e5e707d03a7e172c0701abfb7e10f0fb753ee1d773128192742712a98fd", size = 140344, upload-time = "2025-09-25T21:32:22.617Z" },
]

[[package]]
name = "tenacity"
version = "9.1.4"
source = { registry = "https://pypi.org/simple" }
sdist = { url = "https://files.pythonhosted.org/packages/47/c6/ee486fd809e357697ee8a44d3d69222b344920433d3b6666ccd9b374630c/tenacity-9.1.4.tar.gz", hash = "sha256:adb31d4c263f2bd041081ab33b498309a57c77f9acf2db65aadf0898179cf93a", size = 49413, upload-time = "2026-02-07T10:45:33.841Z" }
wheels = [
    { url = "https://files.pythonhosted.org/packages/d7/c1/eb8f9debc45d3b7918a32ab756658a0904732f75e555402972246b0b8e71/tenacity-9.1.4-py3-none-any.whl", hash = "sha256:6095a360c919085f28c6527de529e76a06ad89b23659fa881ae0649b867a9d55", size = 28926, upload-time = "2026-02-07T10:45:32.24Z" },
]

[[package]]
name = "websocket-client"
version = "1.9.0"
source = { registry = "https://pypi.org/simple" }
sdist = { url = "https://files.pythonhosted.org/packages/2c/41/aa4bf9664e4cda14c3b39865b12251e8e7d239f4cd0e3cc1b6c2ccde25c1/websocket_client-1.9.0.tar.gz", hash = "sha256:9e813624b6eb619999a97dc7958469217c3176312b3a16a4bd1bc7e08a46ec98", size = 70576, upload-time = "2025-10-07T21:16:36.495Z" }
wheels = [
    { url = "https://files.pythonhosted.org/packages/34/db/b10e48aa8fff7407e67470363eac595018441cf32d5e1001567a7aeba5d2/websocket_client-1.9.0-py3-none-any.whl", hash = "sha256:af248a825037ef591efbf6ed20cc5faa03d3b47b9e5a2230a529eeee1c1fc3ef", size = 82616, upload-time = "2025-10-07T21:16:34.951Z" },
]

[[package]]
name = "wrapt"
version = "2.1.1"
source = { registry = "https://pypi.org/simple" }
sdist = { url = "https://files.pythonhosted.org/packages/f7/37/ae31f40bec90de2f88d9597d0b5281e23ffe85b893a47ca5d9c05c63a4f6/wrapt-2.1.1.tar.gz", hash = "sha256:5fdcb09bf6db023d88f312bd0767594b414655d58090fc1c46b3414415f67fac", size = 81329, upload-time = "2026-02-03T02:12:13.786Z" }
wheels = [
    { url = "https://files.pythonhosted.org/packages/df/cb/4d5255d19bbd12be7f8ee2c1fb4269dddec9cef777ef17174d357468efaa/wrapt-2.1.1-cp312-cp312-macosx_10_13_x86_64.whl", hash = "sha256:ab8e3793b239db021a18782a5823fcdea63b9fe75d0e340957f5828ef55fcc02", size = 61143, upload-time = "2026-02-03T02:11:46.313Z" },
    { url = "https://files.pythonhosted.org/packages/6f/07/7ed02daa35542023464e3c8b7cb937fa61f6c61c0361ecf8f5fecf8ad8da/wrapt-2.1.1-cp312-cp312-macosx_11_0_arm64.whl", hash = "sha256:7c0300007836373d1c2df105b40777986accb738053a92fe09b615a7a4547e9f", size = 61740, upload-time = "2026-02-03T02:12:51.966Z" },
    { url = "https://files.pythonhosted.org/packages/c4/60/a237a4e4a36f6d966061ccc9b017627d448161b19e0a3ab80a7c7c97f859/wrapt-2.1.1-cp312-cp312-manylinux1_x86_64.manylinux_2_28_x86_64.manylinux_2_5_x86_64.whl", hash = "sha256:2b27c070fd1132ab23957bcd4ee3ba707a91e653a9268dc1afbd39b77b2799f7", size = 121327, upload-time = "2026-02-03T02:11:06.796Z" },
    { url = "https://files.pythonhosted.org/packages/ae/fe/9139058a3daa8818fc67e6460a2340e8bbcf3aef8b15d0301338bbe181ca/wrapt-2.1.1-cp312-cp312-manylinux2014_aarch64.manylinux_2_17_aarch64.manylinux_2_28_aarch64.whl", hash = "sha256:8b0e36d845e8b6f50949b6b65fc6cd279f47a1944582ed4ec8258cd136d89a64", size = 122903, upload-time = "2026-02-03T02:12:48.657Z" },
    { url = "https://files.pythonhosted.org/packages/91/10/b8479202b4164649675846a531763531f0a6608339558b5a0a718fc49a8d/wrapt-2.1.1-cp312-cp312-musllinux_1_2_aarch64.whl", hash = "sha256:4aeea04a9889370fcfb1ef828c4cc583f36a875061505cd6cd9ba24d8b43cc36", size = 121333, upload-time = "2026-02-03T02:11:32.148Z" },
    { url = "https://files.pythonhosted.org/packages/5f/75/75fc793b791d79444aca2c03ccde64e8b99eda321b003f267d570b7b0985/wrapt-2.1.1-cp312-cp312-musllinux_1_2_x86_64.whl", hash = "sha256:d88b46bb0dce9f74b6817bc1758ff2125e1ca9e1377d62ea35b6896142ab6825", size = 120458, upload-time = "2026-02-03T02:11:16.039Z" },
    { url = "https://files.pythonhosted.org/packages/d7/8f/c3f30d511082ca6d947c405f9d8f6c8eaf83cfde527c439ec2c9a30eb5ea/wrapt-2.1.1-cp312-cp312-win32.whl", hash = "sha256:63decff76ca685b5c557082dfbea865f3f5f6d45766a89bff8dc61d336348833", size = 58086, upload-time = "2026-02-03T02:12:35.041Z" },
    { url = "https://files.pythonhosted.org/packages/0a/c8/37625b643eea2849f10c3b90f69c7462faa4134448d4443234adaf122ae5/wrapt-2.1.1-cp312-cp312-win_amd64.whl", hash = "sha256:b828235d26c1e35aca4107039802ae4b1411be0fe0367dd5b7e4d90e562fcbcd", size = 60328, upload-time = "2026-02-03T02:12:45.808Z" },
    { url = "https://files.pythonhosted.org/packages/ce/79/56242f07572d5682ba8065a9d4d9c2218313f576e3c3471873c2a5355ffd/wrapt-2.1.1-cp312-cp312-win_arm64.whl", hash = "sha256:75128507413a9f1bcbe2db88fd18fbdbf80f264b82fa33a6996cdeaf01c52352", size = 58722, upload-time = "2026-02-03T02:12:27.949Z" },
    { url = "https://files.pythonhosted.org/packages/c4/da/5a086bf4c22a41995312db104ec2ffeee2cf6accca9faaee5315c790377d/wrapt-2.1.1-py3-none-any.whl", hash = "sha256:3b0f4629eb954394a3d7c7a1c8cca25f0b07cefe6aa8545e862e9778152de5b7", size = 43886, upload-time = "2026-02-03T02:11:45.048Z" },
]

[[package]]
name = "zipp"
version = "3.23.0"
source = { registry = "https://pypi.org/simple" }
sdist = { url = "https://files.pythonhosted.org/packages/e3/02/0f2892c661036d50ede074e376733dca2ae7c6eb617489437771209d4180/zipp-3.23.0.tar.gz", hash = "sha256:a07157588a12518c9d4034df3fbbee09c814741a33ff63c05fa29d26a2404166", size = 25547, upload-time = "2025-06-08T17:06:39.4Z" }
wheels = [
    { url = "https://files.pythonhosted.org/packages/2e/54/647ade08bf0db230bfea292f893923872fd20be6ac6f53b2b936ba839d75/zipp-3.23.0-py3-none-any.whl", hash = "sha256:071652d6115ed432f5ce1d34c336c0adfd6a884660d1e9712a256d3d3bd4b14e", size = 10276, upload-time = "2025-06-08T17:06:38.034Z" },
]
